
Microsoft Visual Studio Solution File, Format Version 12.00
# Visual Studio Version 16
VisualStudioVersion = 16.0.32002.261
MinimumVisualStudioVersion = 10.0.40219.1
Project("{FAE04EC0-301F-11D3-BF4B-00C04F79EFBC}") = "TestTask", "TestTask\TestTask.csproj", "{C403C9AC-3334-48C7-8E06-6A5A6B4C37FA}"
EndProject
Global
	GlobalSection(SolutionConfigurationPlatforms) = preSolution
		Debug|Any CPU = Debug|Any CPU
		Release|Any CPU = Release|Any CPU
	EndGlobalSection
	GlobalSection(ProjectConfigurationPlatforms) = postSolution
		{C403C9AC-3334-48C7-8E06-6A5A6B4C37FA}.Debug|Any CPU.ActiveCfg = Debug|Any CPU
		{C403C9AC-3334-48C7-8E06-6A5A6B4C37FA}.Debug|Any CPU.Build.0 = Debug|Any CPU
		{C403C9AC-3334-48C7-8E06-6A5A6B4C37FA}.Release|Any CPU.ActiveCfg = Release|Any CPU
		{C403C9AC-3334-48C7-8E06-6A5A6B4C37FA}.Release|Any CPU.Build.0 = Release|Any CPU
	EndGlobalSection
	GlobalSection(SolutionProperties) = preSolution
		HideSolutionNode = FALSE
	EndGlobalSection
	GlobalSection(ExtensibilityGlobals) = postSolution
		SolutionGuid = {6D60AC86-3CFC-4B18-9D8A-DAC7D6588AD5}
	EndGlobalSection
EndGlobal
